
Microsoft Visual Studio Solution File, Format Version 12.00
# Visual Studio 15
VisualStudioVersion = 15.0.26430.6
MinimumVisualStudioVersion = 10.0.40219.1
Project("{FAE04EC0-301F-11D3-BF4B-00C04F79EFBC}") = "PrintStation", "PrintStation\PrintStation.csproj", "{AF18DDA7-3ADF-44B6-B20C-CD3F7DF245FC}"
EndProject
Project("{FAE04EC0-301F-11D3-BF4B-00C04F79EFBC}") = "PrintStation_M.Android", "PrintStation_M\PrintStation_M.Android\PrintStation_M.Android.csproj", "{C7F6B051-8E78-4B71-94BA-D6F12187785C}"
EndProject
Project("{FAE04EC0-301F-11D3-BF4B-00C04F79EFBC}") = "PrintStation_M", "PrintStation_M\PrintStation_M\PrintStation_M.csproj", "{BDD58526-AA9A-45F8-AF50-8160AFC9B2DE}"
EndProject
Project("{FAE04EC0-301F-11D3-BF4B-00C04F79EFBC}") = "PrintStation_M.UWP", "PrintStation_M\PrintStation_M.UWP\PrintStation_M.UWP.csproj", "{AFE5EE32-F5D6-4252-A7CD-E38FACC149B9}"
EndProject
Project("{FAE04EC0-301F-11D3-BF4B-00C04F79EFBC}") = "PrintStation_M.iOS", "PrintStation_M\PrintStation_M.iOS\PrintStation_M.iOS.csproj", "{26785D2B-9BA9-4E47-B841-8D04CCCE4151}"
EndProject
Global
	GlobalSection(SolutionConfigurationPlatforms) = preSolution
		Ad-Hoc|Any CPU = Ad-Hoc|Any CPU
		Ad-Hoc|ARM = Ad-Hoc|ARM
		Ad-Hoc|iPhone = Ad-Hoc|iPhone
		Ad-Hoc|iPhoneSimulator = Ad-Hoc|iPhoneSimulator
		Ad-Hoc|x64 = Ad-Hoc|x64
		Ad-Hoc|x86 = Ad-Hoc|x86
		AppStore|Any CPU = AppStore|Any CPU
		AppStore|ARM = AppStore|ARM
		AppStore|iPhone = AppStore|iPhone
		AppStore|iPhoneSimulator = AppStore|iPhoneSimulator
		AppStore|x64 = AppStore|x64
		AppStore|x86 = AppStore|x86
		Debug|Any CPU = Debug|Any CPU
		Debug|ARM = Debug|ARM
		Debug|iPhone = Debug|iPhone
		Debug|iPhoneSimulator = Debug|iPhoneSimulator
		Debug|x64 = Debug|x64
		Debug|x86 = Debug|x86
		Release|Any CPU = Release|Any CPU
		Release|ARM = Release|ARM
		Release|iPhone = Release|iPhone
		Release|iPhoneSimulator = Release|iPhoneSimulator
		Release|x64 = Release|x64
		Release|x86 = Release|x86
	EndGlobalSection
	GlobalSection(ProjectConfigurationPlatforms) = postSolution
		{AF18DDA7-3ADF-44B6-B20C-CD3F7DF245FC}.Ad-Hoc|Any CPU.ActiveCfg = Release|Any CPU
		{AF18DDA7-3ADF-44B6-B20C-CD3F7DF245FC}.Ad-Hoc|Any CPU.Build.0 = Release|Any CPU
		{AF18DDA7-3ADF-44B6-B20C-CD3F7DF245FC}.Ad-Hoc|ARM.ActiveCfg = Release|Any CPU
		{AF18DDA7-3ADF-44B6-B20C-CD3F7DF245FC}.Ad-Hoc|ARM.Build.0 = Release|Any CPU
		{AF18DDA7-3ADF-44B6-B20C-CD3F7DF245FC}.Ad-Hoc|iPhone.ActiveCfg = Release|Any CPU
		{AF18DDA7-3ADF-44B6-B20C-CD3F7DF245FC}.Ad-Hoc|iPhone.Build.0 = Release|Any CPU
		{AF18DDA7-3ADF-44B6-B20C-CD3F7DF245FC}.Ad-Hoc|iPhoneSimulator.ActiveCfg = Release|Any CPU
		{AF18DDA7-3ADF-44B6-B20C-CD3F7DF245FC}.Ad-Hoc|iPhoneSimulator.Build.0 = Release|Any CPU
		{AF18DDA7-3ADF-44B6-B20C-CD3F7DF245FC}.Ad-Hoc|x64.ActiveCfg = Release|Any CPU
		{AF18DDA7-3ADF-44B6-B20C-CD3F7DF245FC}.Ad-Hoc|x64.Build.0 = Release|Any CPU
		{AF18DDA7-3ADF-44B6-B20C-CD3F7DF245FC}.Ad-Hoc|x86.ActiveCfg = Release|Any CPU
		{AF18DDA7-3ADF-44B6-B20C-CD3F7DF245FC}.Ad-Hoc|x86.Build.0 = Release|Any CPU
		{AF18DDA7-3ADF-44B6-B20C-CD3F7DF245FC}.AppStore|Any CPU.ActiveCfg = Release|Any CPU
		{AF18DDA7-3ADF-44B6-B20C-CD3F7DF245FC}.AppStore|Any CPU.Build.0 = Release|Any CPU
		{AF18DDA7-3ADF-44B6-B20C-CD3F7DF245FC}.AppStore|ARM.ActiveCfg = Release|Any CPU
		{AF18DDA7-3ADF-44B6-B20C-CD3F7DF245FC}.AppStore|ARM.Build.0 = Release|Any CPU
		{AF18DDA7-3ADF-44B6-B20C-CD3F7DF245FC}.AppStore|iPhone.ActiveCfg = Release|Any CPU
		{AF18DDA7-3ADF-44B6-B20C-CD3F7DF245FC}.AppStore|iPhone.Build.0 = Release|Any CPU
		{AF18DDA7-3ADF-44B6-B20C-CD3F7DF245FC}.AppStore|iPhoneSimulator.ActiveCfg = Release|Any CPU
		{AF18DDA7-3ADF-44B6-B20C-CD3F7DF245FC}.AppStore|iPhoneSimulator.Build.0 = Release|Any CPU
		{AF18DDA7-3ADF-44B6-B20C-CD3F7DF245FC}.AppStore|x64.ActiveCfg = Release|Any CPU
		{AF18DDA7-3ADF-44B6-B20C-CD3F7DF245FC}.AppStore|x64.Build.0 = Release|Any CPU
		{AF18DDA7-3ADF-44B6-B20C-CD3F7DF245FC}.AppStore|x86.ActiveCfg = Release|Any CPU
		{AF18DDA7-3ADF-44B6-B20C-CD3F7DF245FC}.AppStore|x86.Build.0 = Release|Any CPU
		{AF18DDA7-3ADF-44B6-B20C-CD3F7DF245FC}.Debug|Any CPU.ActiveCfg = Debug|Any CPU
		{AF18DDA7-3ADF-44B6-B20C-CD3F7DF245FC}.Debug|Any CPU.Build.0 = Debug|Any CPU
		{AF18DDA7-3ADF-44B6-B20C-CD3F7DF245FC}.Debug|ARM.ActiveCfg = Debug|Any CPU
		{AF18DDA7-3ADF-44B6-B20C-CD3F7DF245FC}.Debug|ARM.Build.0 = Debug|Any CPU
		{AF18DDA7-3ADF-44B6-B20C-CD3F7DF245FC}.Debug|iPhone.ActiveCfg = Debug|Any CPU
		{AF18DDA7-3ADF-44B6-B20C-CD3F7DF245FC}.Debug|iPhone.Build.0 = Debug|Any CPU
		{AF18DDA7-3ADF-44B6-B20C-CD3F7DF245FC}.Debug|iPhoneSimulator.ActiveCfg = Debug|Any CPU
		{AF18DDA7-3ADF-44B6-B20C-CD3F7DF245FC}.Debug|iPhoneSimulator.Build.0 = Debug|Any CPU
		{AF18DDA7-3ADF-44B6-B20C-CD3F7DF245FC}.Debug|x64.ActiveCfg = Debug|Any CPU
		{AF18DDA7-3ADF-44B6-B20C-CD3F7DF245FC}.Debug|x64.Build.0 = Debug|Any CPU
		{AF18DDA7-3ADF-44B6-B20C-CD3F7DF245FC}.Debug|x86.ActiveCfg = Debug|Any CPU
		{AF18DDA7-3ADF-44B6-B20C-CD3F7DF245FC}.Debug|x86.Build.0 = Debug|Any CPU
		{AF18DDA7-3ADF-44B6-B20C-CD3F7DF245FC}.Release|Any CPU.ActiveCfg = Release|Any CPU
		{AF18DDA7-3ADF-44B6-B20C-CD3F7DF245FC}.Release|Any CPU.Build.0 = Release|Any CPU
		{AF18DDA7-3ADF-44B6-B20C-CD3F7DF245FC}.Release|ARM.ActiveCfg = Release|Any CPU
		{AF18DDA7-3ADF-44B6-B20C-CD3F7DF245FC}.Release|ARM.Build.0 = Release|Any CPU
		{AF18DDA7-3ADF-44B6-B20C-CD3F7DF245FC}.Release|iPhone.ActiveCfg = Release|Any CPU
		{AF18DDA7-3ADF-44B6-B20C-CD3F7DF245FC}.Release|iPhone.Build.0 = Release|Any CPU
		{AF18DDA7-3ADF-44B6-B20C-CD3F7DF245FC}.Release|iPhoneSimulator.ActiveCfg = Release|Any CPU
		{AF18DDA7-3ADF-44B6-B20C-CD3F7DF245FC}.Release|iPhoneSimulator.Build.0 = Release|Any CPU
		{AF18DDA7-3ADF-44B6-B20C-CD3F7DF245FC}.Release|x64.ActiveCfg = Release|Any CPU
		{AF18DDA7-3ADF-44B6-B20C-CD3F7DF245FC}.Release|x64.Build.0 = Release|Any CPU
		{AF18DDA7-3ADF-44B6-B20C-CD3F7DF245FC}.Release|x86.ActiveCfg = Release|Any CPU
		{AF18DDA7-3ADF-44B6-B20C-CD3F7DF245FC}.Release|x86.Build.0 = Release|Any CPU
		{C7F6B051-8E78-4B71-94BA-D6F12187785C}.Ad-Hoc|Any CPU.ActiveCfg = Release|Any CPU
		{C7F6B051-8E78-4B71-94BA-D6F12187785C}.Ad-Hoc|Any CPU.Build.0 = Release|Any CPU
		{C7F6B051-8E78-4B71-94BA-D6F12187785C}.Ad-Hoc|Any CPU.Deploy.0 = Release|Any CPU
		{C7F6B051-8E78-4B71-94BA-D6F12187785C}.Ad-Hoc|ARM.ActiveCfg = Release|Any CPU
		{C7F6B051-8E78-4B71-94BA-D6F12187785C}.Ad-Hoc|ARM.Build.0 = Release|Any CPU
		{C7F6B051-8E78-4B71-94BA-D6F12187785C}.Ad-Hoc|ARM.Deploy.0 = Release|Any CPU
		{C7F6B051-8E78-4B71-94BA-D6F12187785C}.Ad-Hoc|iPhone.ActiveCfg = Release|Any CPU
		{C7F6B051-8E78-4B71-94BA-D6F12187785C}.Ad-Hoc|iPhone.Build.0 = Release|Any CPU
		{C7F6B051-8E78-4B71-94BA-D6F12187785C}.Ad-Hoc|iPhone.Deploy.0 = Release|Any CPU
		{C7F6B051-8E78-4B71-94BA-D6F12187785C}.Ad-Hoc|iPhoneSimulator.ActiveCfg = Release|Any CPU
		{C7F6B051-8E78-4B71-94BA-D6F12187785C}.Ad-Hoc|iPhoneSimulator.Build.0 = Release|Any CPU
		{C7F6B051-8E78-4B71-94BA-D6F12187785C}.Ad-Hoc|iPhoneSimulator.Deploy.0 = Release|Any CPU
		{C7F6B051-8E78-4B71-94BA-D6F12187785C}.Ad-Hoc|x64.ActiveCfg = Release|Any CPU
		{C7F6B051-8E78-4B71-94BA-D6F12187785C}.Ad-Hoc|x64.Build.0 = Release|Any CPU
		{C7F6B051-8E78-4B71-94BA-D6F12187785C}.Ad-Hoc|x64.Deploy.0 = Release|Any CPU
		{C7F6B051-8E78-4B71-94BA-D6F12187785C}.Ad-Hoc|x86.ActiveCfg = Release|Any CPU
		{C7F6B051-8E78-4B71-94BA-D6F12187785C}.Ad-Hoc|x86.Build.0 = Release|Any CPU
		{C7F6B051-8E78-4B71-94BA-D6F12187785C}.Ad-Hoc|x86.Deploy.0 = Release|Any CPU
		{C7F6B051-8E78-4B71-94BA-D6F12187785C}.AppStore|Any CPU.ActiveCfg = Release|Any CPU
		{C7F6B051-8E78-4B71-94BA-D6F12187785C}.AppStore|Any CPU.Build.0 = Release|Any CPU
		{C7F6B051-8E78-4B71-94BA-D6F12187785C}.AppStore|Any CPU.Deploy.0 = Release|Any CPU
		{C7F6B051-8E78-4B71-94BA-D6F12187785C}.AppStore|ARM.ActiveCfg = Release|Any CPU
		{C7F6B051-8E78-4B71-94BA-D6F12187785C}.AppStore|ARM.Build.0 = Release|Any CPU
		{C7F6B051-8E78-4B71-94BA-D6F12187785C}.AppStore|ARM.Deploy.0 = Release|Any CPU
		{C7F6B051-8E78-4B71-94BA-D6F12187785C}.AppStore|iPhone.ActiveCfg = Release|Any CPU
		{C7F6B051-8E78-4B71-94BA-D6F12187785C}.AppStore|iPhone.Build.0 = Release|Any CPU
		{C7F6B051-8E78-4B71-94BA-D6F12187785C}.AppStore|iPhone.Deploy.0 = Release|Any CPU
		{C7F6B051-8E78-4B71-94BA-D6F12187785C}.AppStore|iPhoneSimulator.ActiveCfg = Release|Any CPU
		{C7F6B051-8E78-4B71-94BA-D6F12187785C}.AppStore|iPhoneSimulator.Build.0 = Release|Any CPU
		{C7F6B051-8E78-4B71-94BA-D6F12187785C}.AppStore|iPhoneSimulator.Deploy.0 = Release|Any CPU
		{C7F6B051-8E78-4B71-94BA-D6F12187785C}.AppStore|x64.ActiveCfg = Release|Any CPU
		{C7F6B051-8E78-4B71-94BA-D6F12187785C}.AppStore|x64.Build.0 = Release|Any CPU
		{C7F6B051-8E78-4B71-94BA-D6F12187785C}.AppStore|x64.Deploy.0 = Release|Any CPU
		{C7F6B051-8E78-4B71-94BA-D6F12187785C}.AppStore|x86.ActiveCfg = Release|Any CPU
		{C7F6B051-8E78-4B71-94BA-D6F12187785C}.AppStore|x86.Build.0 = Release|Any CPU
		{C7F6B051-8E78-4B71-94BA-D6F12187785C}.AppStore|x86.Deploy.0 = Release|Any CPU
		{C7F6B051-8E78-4B71-94BA-D6F12187785C}.Debug|Any CPU.ActiveCfg = Debug|Any CPU
		{C7F6B051-8E78-4B71-94BA-D6F12187785C}.Debug|Any CPU.Build.0 = Debug|Any CPU
		{C7F6B051-8E78-4B71-94BA-D6F12187785C}.Debug|Any CPU.Deploy.0 = Debug|Any CPU
		{C7F6B051-8E78-4B71-94BA-D6F12187785C}.Debug|ARM.ActiveCfg = Debug|Any CPU
		{C7F6B051-8E78-4B71-94BA-D6F12187785C}.Debug|ARM.Build.0 = Debug|Any CPU
		{C7F6B051-8E78-4B71-94BA-D6F12187785C}.Debug|ARM.Deploy.0 = Debug|Any CPU
		{C7F6B051-8E78-4B71-94BA-D6F12187785C}.Debug|iPhone.ActiveCfg = Debug|Any CPU
		{C7F6B051-8E78-4B71-94BA-D6F12187785C}.Debug|iPhone.Build.0 = Debug|Any CPU
		{C7F6B051-8E78-4B71-94BA-D6F12187785C}.Debug|iPhone.Deploy.0 = Debug|Any CPU
		{C7F6B051-8E78-4B71-94BA-D6F12187785C}.Debug|iPhoneSimulator.ActiveCfg = Debug|Any CPU
		{C7F6B051-8E78-4B71-94BA-D6F12187785C}.Debug|iPhoneSimulator.Build.0 = Debug|Any CPU
		{C7F6B051-8E78-4B71-94BA-D6F12187785C}.Debug|iPhoneSimulator.Deploy.0 = Debug|Any CPU
		{C7F6B051-8E78-4B71-94BA-D6F12187785C}.Debug|x64.ActiveCfg = Debug|Any CPU
		{C7F6B051-8E78-4B71-94BA-D6F12187785C}.Debug|x64.Build.0 = Debug|Any CPU
		{C7F6B051-8E78-4B71-94BA-D6F12187785C}.Debug|x64.Deploy.0 = Debug|Any CPU
		{C7F6B051-8E78-4B71-94BA-D6F12187785C}.Debug|x86.ActiveCfg = Debug|Any CPU
		{C7F6B051-8E78-4B71-94BA-D6F12187785C}.Debug|x86.Build.0 = Debug|Any CPU
		{C7F6B051-8E78-4B71-94BA-D6F12187785C}.Debug|x86.Deploy.0 = Debug|Any CPU
		{C7F6B051-8E78-4B71-94BA-D6F12187785C}.Release|Any CPU.ActiveCfg = Release|Any CPU
		{C7F6B051-8E78-4B71-94BA-D6F12187785C}.Release|Any CPU.Build.0 = Release|Any CPU
		{C7F6B051-8E78-4B71-94BA-D6F12187785C}.Release|Any CPU.Deploy.0 = Release|Any CPU
		{C7F6B051-8E78-4B71-94BA-D6F12187785C}.Release|ARM.ActiveCfg = Release|Any CPU
		{C7F6B051-8E78-4B71-94BA-D6F12187785C}.Release|ARM.Build.0 = Release|Any CPU
		{C7F6B051-8E78-4B71-94BA-D6F12187785C}.Release|ARM.Deploy.0 = Release|Any CPU
		{C7F6B051-8E78-4B71-94BA-D6F12187785C}.Release|iPhone.ActiveCfg = Release|Any CPU
		{C7F6B051-8E78-4B71-94BA-D6F12187785C}.Release|iPhone.Build.0 = Release|Any CPU
		{C7F6B051-8E78-4B71-94BA-D6F12187785C}.Release|iPhone.Deploy.0 = Release|Any CPU
		{C7F6B051-8E78-4B71-94BA-D6F12187785C}.Release|iPhoneSimulator.ActiveCfg = Release|Any CPU
		{C7F6B051-8E78-4B71-94BA-D6F12187785C}.Release|iPhoneSimulator.Build.0 = Release|Any CPU
		{C7F6B051-8E78-4B71-94BA-D6F12187785C}.Release|iPhoneSimulator.Deploy.0 = Release|Any CPU
		{C7F6B051-8E78-4B71-94BA-D6F12187785C}.Release|x64.ActiveCfg = Release|Any CPU
		{C7F6B051-8E78-4B71-94BA-D6F12187785C}.Release|x64.Build.0 = Release|Any CPU
		{C7F6B051-8E78-4B71-94BA-D6F12187785C}.Release|x64.Deploy.0 = Release|Any CPU
		{C7F6B051-8E78-4B71-94BA-D6F12187785C}.Release|x86.ActiveCfg = Release|Any CPU
		{C7F6B051-8E78-4B71-94BA-D6F12187785C}.Release|x86.Build.0 = Release|Any CPU
		{C7F6B051-8E78-4B71-94BA-D6F12187785C}.Release|x86.Deploy.0 = Release|Any CPU
		{BDD58526-AA9A-45F8-AF50-8160AFC9B2DE}.Ad-Hoc|Any CPU.ActiveCfg = Release|Any CPU
		{BDD58526-AA9A-45F8-AF50-8160AFC9B2DE}.Ad-Hoc|Any CPU.Build.0 = Release|Any CPU
		{BDD58526-AA9A-45F8-AF50-8160AFC9B2DE}.Ad-Hoc|ARM.ActiveCfg = Release|Any CPU
		{BDD58526-AA9A-45F8-AF50-8160AFC9B2DE}.Ad-Hoc|ARM.Build.0 = Release|Any CPU
		{BDD58526-AA9A-45F8-AF50-8160AFC9B2DE}.Ad-Hoc|iPhone.ActiveCfg = Release|Any CPU
		{BDD58526-AA9A-45F8-AF50-8160AFC9B2DE}.Ad-Hoc|iPhone.Build.0 = Release|Any CPU
		{BDD58526-AA9A-45F8-AF50-8160AFC9B2DE}.Ad-Hoc|iPhoneSimulator.ActiveCfg = Release|Any CPU
		{BDD58526-AA9A-45F8-AF50-8160AFC9B2DE}.Ad-Hoc|iPhoneSimulator.Build.0 = Release|Any CPU
		{BDD58526-AA9A-45F8-AF50-8160AFC9B2DE}.Ad-Hoc|x64.ActiveCfg = Release|Any CPU
		{BDD58526-AA9A-45F8-AF50-8160AFC9B2DE}.Ad-Hoc|x64.Build.0 = Release|Any CPU
		{BDD58526-AA9A-45F8-AF50-8160AFC9B2DE}.Ad-Hoc|x86.ActiveCfg = Release|Any CPU
		{BDD58526-AA9A-45F8-AF50-8160AFC9B2DE}.Ad-Hoc|x86.Build.0 = Release|Any CPU
		{BDD58526-AA9A-45F8-AF50-8160AFC9B2DE}.AppStore|Any CPU.ActiveCfg = Release|Any CPU
		{BDD58526-AA9A-45F8-AF50-8160AFC9B2DE}.AppStore|Any CPU.Build.0 = Release|Any CPU
		{BDD58526-AA9A-45F8-AF50-8160AFC9B2DE}.AppStore|ARM.ActiveCfg = Release|Any CPU
		{BDD58526-AA9A-45F8-AF50-8160AFC9B2DE}.AppStore|ARM.Build.0 = Release|Any CPU
		{BDD58526-AA9A-45F8-AF50-8160AFC9B2DE}.AppStore|iPhone.ActiveCfg = Release|Any CPU
		{BDD58526-AA9A-45F8-AF50-8160AFC9B2DE}.AppStore|iPhone.Build.0 = Release|Any CPU
		{BDD58526-AA9A-45F8-AF50-8160AFC9B2DE}.AppStore|iPhoneSimulator.ActiveCfg = Release|Any CPU
		{BDD58526-AA9A-45F8-AF50-8160AFC9B2DE}.AppStore|iPhoneSimulator.Build.0 = Release|Any CPU
		{BDD58526-AA9A-45F8-AF50-8160AFC9B2DE}.AppStore|x64.ActiveCfg = Release|Any CPU
		{BDD58526-AA9A-45F8-AF50-8160AFC9B2DE}.AppStore|x64.Build.0 = Release|Any CPU
		{BDD58526-AA9A-45F8-AF50-8160AFC9B2DE}.AppStore|x86.ActiveCfg = Release|Any CPU
		{BDD58526-AA9A-45F8-AF50-8160AFC9B2DE}.AppStore|x86.Build.0 = Release|Any CPU
		{BDD58526-AA9A-45F8-AF50-8160AFC9B2DE}.Debug|Any CPU.ActiveCfg = Debug|Any CPU
		{BDD58526-AA9A-45F8-AF50-8160AFC9B2DE}.Debug|Any CPU.Build.0 = Debug|Any CPU
		{BDD58526-AA9A-45F8-AF50-8160AFC9B2DE}.Debug|ARM.ActiveCfg = Debug|Any CPU
		{BDD58526-AA9A-45F8-AF50-8160AFC9B2DE}.Debug|ARM.Build.0 = Debug|Any CPU
		{BDD58526-AA9A-45F8-AF50-8160AFC9B2DE}.Debug|iPhone.ActiveCfg = Debug|Any CPU
		{BDD58526-AA9A-45F8-AF50-8160AFC9B2DE}.Debug|iPhone.Build.0 = Debug|Any CPU
		{BDD58526-AA9A-45F8-AF50-8160AFC9B2DE}.Debug|iPhoneSimulator.ActiveCfg = Debug|Any CPU
		{BDD58526-AA9A-45F8-AF50-8160AFC9B2DE}.Debug|iPhoneSimulator.Build.0 = Debug|Any CPU
		{BDD58526-AA9A-45F8-AF50-8160AFC9B2DE}.Debug|x64.ActiveCfg = Debug|Any CPU
		{BDD58526-AA9A-45F8-AF50-8160AFC9B2DE}.Debug|x64.Build.0 = Debug|Any CPU
		{BDD58526-AA9A-45F8-AF50-8160AFC9B2DE}.Debug|x86.ActiveCfg = Debug|Any CPU
		{BDD58526-AA9A-45F8-AF50-8160AFC9B2DE}.Debug|x86.Build.0 = Debug|Any CPU
		{BDD58526-AA9A-45F8-AF50-8160AFC9B2DE}.Release|Any CPU.ActiveCfg = Release|Any CPU
		{BDD58526-AA9A-45F8-AF50-8160AFC9B2DE}.Release|Any CPU.Build.0 = Release|Any CPU
		{BDD58526-AA9A-45F8-AF50-8160AFC9B2DE}.Release|ARM.ActiveCfg = Release|Any CPU
		{BDD58526-AA9A-45F8-AF50-8160AFC9B2DE}.Release|ARM.Build.0 = Release|Any CPU
		{BDD58526-AA9A-45F8-AF50-8160AFC9B2DE}.Release|iPhone.ActiveCfg = Release|Any CPU
		{BDD58526-AA9A-45F8-AF50-8160AFC9B2DE}.Release|iPhone.Build.0 = Release|Any CPU
		{BDD58526-AA9A-45F8-AF50-8160AFC9B2DE}.Release|iPhoneSimulator.ActiveCfg = Release|Any CPU
		{BDD58526-AA9A-45F8-AF50-8160AFC9B2DE}.Release|iPhoneSimulator.Build.0 = Release|Any CPU
		{BDD58526-AA9A-45F8-AF50-8160AFC9B2DE}.Release|x64.ActiveCfg = Release|Any CPU
		{BDD58526-AA9A-45F8-AF50-8160AFC9B2DE}.Release|x64.Build.0 = Release|Any CPU
		{BDD58526-AA9A-45F8-AF50-8160AFC9B2DE}.Release|x86.ActiveCfg = Release|Any CPU
		{BDD58526-AA9A-45F8-AF50-8160AFC9B2DE}.Release|x86.Build.0 = Release|Any CPU
		{AFE5EE32-F5D6-4252-A7CD-E38FACC149B9}.Ad-Hoc|Any CPU.ActiveCfg = Release|x86
		{AFE5EE32-F5D6-4252-A7CD-E38FACC149B9}.Ad-Hoc|Any CPU.Build.0 = Release|x86
		{AFE5EE32-F5D6-4252-A7CD-E38FACC149B9}.Ad-Hoc|Any CPU.Deploy.0 = Release|x86
		{AFE5EE32-F5D6-4252-A7CD-E38FACC149B9}.Ad-Hoc|ARM.ActiveCfg = Release|ARM
		{AFE5EE32-F5D6-4252-A7CD-E38FACC149B9}.Ad-Hoc|ARM.Build.0 = Release|ARM
		{AFE5EE32-F5D6-4252-A7CD-E38FACC149B9}.Ad-Hoc|ARM.Deploy.0 = Release|ARM
		{AFE5EE32-F5D6-4252-A7CD-E38FACC149B9}.Ad-Hoc|iPhone.ActiveCfg = Release|x86
		{AFE5EE32-F5D6-4252-A7CD-E38FACC149B9}.Ad-Hoc|iPhone.Build.0 = Release|x86
		{AFE5EE32-F5D6-4252-A7CD-E38FACC149B9}.Ad-Hoc|iPhone.Deploy.0 = Release|x86
		{AFE5EE32-F5D6-4252-A7CD-E38FACC149B9}.Ad-Hoc|iPhoneSimulator.ActiveCfg = Release|x86
		{AFE5EE32-F5D6-4252-A7CD-E38FACC149B9}.Ad-Hoc|iPhoneSimulator.Build.0 = Release|x86
		{AFE5EE32-F5D6-4252-A7CD-E38FACC149B9}.Ad-Hoc|iPhoneSimulator.Deploy.0 = Release|x86
		{AFE5EE32-F5D6-4252-A7CD-E38FACC149B9}.Ad-Hoc|x64.ActiveCfg = Release|x64
		{AFE5EE32-F5D6-4252-A7CD-E38FACC149B9}.Ad-Hoc|x64.Build.0 = Release|x64
		{AFE5EE32-F5D6-4252-A7CD-E38FACC149B9}.Ad-Hoc|x64.Deploy.0 = Release|x64
		{AFE5EE32-F5D6-4252-A7CD-E38FACC149B9}.Ad-Hoc|x86.ActiveCfg = Release|x86
		{AFE5EE32-F5D6-4252-A7CD-E38FACC149B9}.Ad-Hoc|x86.Build.0 = Release|x86
		{AFE5EE32-F5D6-4252-A7CD-E38FACC149B9}.Ad-Hoc|x86.Deploy.0 = Release|x86
		{AFE5EE32-F5D6-4252-A7CD-E38FACC149B9}.AppStore|Any CPU.ActiveCfg = Release|x86
		{AFE5EE32-F5D6-4252-A7CD-E38FACC149B9}.AppStore|Any CPU.Build.0 = Release|x86
		{AFE5EE32-F5D6-4252-A7CD-E38FACC149B9}.AppStore|Any CPU.Deploy.0 = Release|x86
		{AFE5EE32-F5D6-4252-A7CD-E38FACC149B9}.AppStore|ARM.ActiveCfg = Release|ARM
		{AFE5EE32-F5D6-4252-A7CD-E38FACC149B9}.AppStore|ARM.Build.0 = Release|ARM
		{AFE5EE32-F5D6-4252-A7CD-E38FACC149B9}.AppStore|ARM.Deploy.0 = Release|ARM
		{AFE5EE32-F5D6-4252-A7CD-E38FACC149B9}.AppStore|iPhone.ActiveCfg = Release|x86
		{AFE5EE32-F5D6-4252-A7CD-E38FACC149B9}.AppStore|iPhone.Build.0 = Release|x86
		{AFE5EE32-F5D6-4252-A7CD-E38FACC149B9}.AppStore|iPhone.Deploy.0 = Release|x86
		{AFE5EE32-F5D6-4252-A7CD-E38FACC149B9}.AppStore|iPhoneSimulator.ActiveCfg = Release|x86
		{AFE5EE32-F5D6-4252-A7CD-E38FACC149B9}.AppStore|iPhoneSimulator.Build.0 = Release|x86
		{AFE5EE32-F5D6-4252-A7CD-E38FACC149B9}.AppStore|iPhoneSimulator.Deploy.0 = Release|x86
		{AFE5EE32-F5D6-4252-A7CD-E38FACC149B9}.AppStore|x64.ActiveCfg = Release|x64
		{AFE5EE32-F5D6-4252-A7CD-E38FACC149B9}.AppStore|x64.Build.0 = Release|x64
		{AFE5EE32-F5D6-4252-A7CD-E38FACC149B9}.AppStore|x64.Deploy.0 = Release|x64
		{AFE5EE32-F5D6-4252-A7CD-E38FACC149B9}.AppStore|x86.ActiveCfg = Release|x86
		{AFE5EE32-F5D6-4252-A7CD-E38FACC149B9}.AppStore|x86.Build.0 = Release|x86
		{AFE5EE32-F5D6-4252-A7CD-E38FACC149B9}.AppStore|x86.Deploy.0 = Release|x86
		{AFE5EE32-F5D6-4252-A7CD-E38FACC149B9}.Debug|Any CPU.ActiveCfg = Debug|x86
		{AFE5EE32-F5D6-4252-A7CD-E38FACC149B9}.Debug|ARM.ActiveCfg = Debug|ARM
		{AFE5EE32-F5D6-4252-A7CD-E38FACC149B9}.Debug|ARM.Build.0 = Debug|ARM
		{AFE5EE32-F5D6-4252-A7CD-E38FACC149B9}.Debug|ARM.Deploy.0 = Debug|ARM
		{AFE5EE32-F5D6-4252-A7CD-E38FACC149B9}.Debug|iPhone.ActiveCfg = Debug|x86
		{AFE5EE32-F5D6-4252-A7CD-E38FACC149B9}.Debug|iPhoneSimulator.ActiveCfg = Debug|x86
		{AFE5EE32-F5D6-4252-A7CD-E38FACC149B9}.Debug|x64.ActiveCfg = Debug|x64
		{AFE5EE32-F5D6-4252-A7CD-E38FACC149B9}.Debug|x64.Build.0 = Debug|x64
		{AFE5EE32-F5D6-4252-A7CD-E38FACC149B9}.Debug|x64.Deploy.0 = Debug|x64
		{AFE5EE32-F5D6-4252-A7CD-E38FACC149B9}.Debug|x86.ActiveCfg = Debug|x86
		{AFE5EE32-F5D6-4252-A7CD-E38FACC149B9}.Debug|x86.Build.0 = Debug|x86
		{AFE5EE32-F5D6-4252-A7CD-E38FACC149B9}.Debug|x86.Deploy.0 = Debug|x86
		{AFE5EE32-F5D6-4252-A7CD-E38FACC149B9}.Release|Any CPU.ActiveCfg = Release|x86
		{AFE5EE32-F5D6-4252-A7CD-E38FACC149B9}.Release|ARM.ActiveCfg = Release|ARM
		{AFE5EE32-F5D6-4252-A7CD-E38FACC149B9}.Release|ARM.Build.0 = Release|ARM
		{AFE5EE32-F5D6-4252-A7CD-E38FACC149B9}.Release|ARM.Deploy.0 = Release|ARM
		{AFE5EE32-F5D6-4252-A7CD-E38FACC149B9}.Release|iPhone.ActiveCfg = Release|x86
		{AFE5EE32-F5D6-4252-A7CD-E38FACC149B9}.Release|iPhoneSimulator.ActiveCfg = Release|x86
		{AFE5EE32-F5D6-4252-A7CD-E38FACC149B9}.Release|x64.ActiveCfg = Release|x64
		{AFE5EE32-F5D6-4252-A7CD-E38FACC149B9}.Release|x64.Build.0 = Release|x64
		{AFE5EE32-F5D6-4252-A7CD-E38FACC149B9}.Release|x64.Deploy.0 = Release|x64
		{AFE5EE32-F5D6-4252-A7CD-E38FACC149B9}.Release|x86.ActiveCfg = Release|x86
		{AFE5EE32-F5D6-4252-A7CD-E38FACC149B9}.Release|x86.Build.0 = Release|x86
		{AFE5EE32-F5D6-4252-A7CD-E38FACC149B9}.Release|x86.Deploy.0 = Release|x86
		{26785D2B-9BA9-4E47-B841-8D04CCCE4151}.Ad-Hoc|Any CPU.ActiveCfg = Ad-Hoc|iPhone
		{26785D2B-9BA9-4E47-B841-8D04CCCE4151}.Ad-Hoc|ARM.ActiveCfg = Ad-Hoc|iPhone
		{26785D2B-9BA9-4E47-B841-8D04CCCE4151}.Ad-Hoc|iPhone.ActiveCfg = Ad-Hoc|iPhone
		{26785D2B-9BA9-4E47-B841-8D04CCCE4151}.Ad-Hoc|iPhone.Build.0 = Ad-Hoc|iPhone
		{26785D2B-9BA9-4E47-B841-8D04CCCE4151}.Ad-Hoc|iPhoneSimulator.ActiveCfg = Ad-Hoc|iPhoneSimulator
		{26785D2B-9BA9-4E47-B841-8D04CCCE4151}.Ad-Hoc|iPhoneSimulator.Build.0 = Ad-Hoc|iPhoneSimulator
		{26785D2B-9BA9-4E47-B841-8D04CCCE4151}.Ad-Hoc|x64.ActiveCfg = Ad-Hoc|iPhone
		{26785D2B-9BA9-4E47-B841-8D04CCCE4151}.Ad-Hoc|x86.ActiveCfg = Ad-Hoc|iPhone
		{26785D2B-9BA9-4E47-B841-8D04CCCE4151}.AppStore|Any CPU.ActiveCfg = AppStore|iPhone
		{26785D2B-9BA9-4E47-B841-8D04CCCE4151}.AppStore|ARM.ActiveCfg = AppStore|iPhone
		{26785D2B-9BA9-4E47-B841-8D04CCCE4151}.AppStore|iPhone.ActiveCfg = AppStore|iPhone
		{26785D2B-9BA9-4E47-B841-8D04CCCE4151}.AppStore|iPhone.Build.0 = AppStore|iPhone
		{26785D2B-9BA9-4E47-B841-8D04CCCE4151}.AppStore|iPhoneSimulator.ActiveCfg = AppStore|iPhoneSimulator
		{26785D2B-9BA9-4E47-B841-8D04CCCE4151}.AppStore|iPhoneSimulator.Build.0 = AppStore|iPhoneSimulator
		{26785D2B-9BA9-4E47-B841-8D04CCCE4151}.AppStore|x64.ActiveCfg = AppStore|iPhone
		{26785D2B-9BA9-4E47-B841-8D04CCCE4151}.AppStore|x86.ActiveCfg = AppStore|iPhone
		{26785D2B-9BA9-4E47-B841-8D04CCCE4151}.Debug|Any CPU.ActiveCfg = Debug|iPhone
		{26785D2B-9BA9-4E47-B841-8D04CCCE4151}.Debug|ARM.ActiveCfg = Debug|iPhone
		{26785D2B-9BA9-4E47-B841-8D04CCCE4151}.Debug|iPhone.ActiveCfg = Debug|iPhone
		{26785D2B-9BA9-4E47-B841-8D04CCCE4151}.Debug|iPhone.Build.0 = Debug|iPhone
		{26785D2B-9BA9-4E47-B841-8D04CCCE4151}.Debug|iPhoneSimulator.ActiveCfg = Debug|iPhoneSimulator
		{26785D2B-9BA9-4E47-B841-8D04CCCE4151}.Debug|iPhoneSimulator.Build.0 = Debug|iPhoneSimulator
		{26785D2B-9BA9-4E47-B841-8D04CCCE4151}.Debug|x64.ActiveCfg = Debug|iPhone
		{26785D2B-9BA9-4E47-B841-8D04CCCE4151}.Debug|x86.ActiveCfg = Debug|iPhone
		{26785D2B-9BA9-4E47-B841-8D04CCCE4151}.Release|Any CPU.ActiveCfg = Release|iPhone
		{26785D2B-9BA9-4E47-B841-8D04CCCE4151}.Release|ARM.ActiveCfg = Release|iPhone
		{26785D2B-9BA9-4E47-B841-8D04CCCE4151}.Release|iPhone.ActiveCfg = Release|iPhone
		{26785D2B-9BA9-4E47-B841-8D04CCCE4151}.Release|iPhone.Build.0 = Release|iPhone
		{26785D2B-9BA9-4E47-B841-8D04CCCE4151}.Release|iPhoneSimulator.ActiveCfg = Release|iPhoneSimulator
		{26785D2B-9BA9-4E47-B841-8D04CCCE4151}.Release|iPhoneSimulator.Build.0 = Release|iPhoneSimulator
		{26785D2B-9BA9-4E47-B841-8D04CCCE4151}.Release|x64.ActiveCfg = Release|iPhone
		{26785D2B-9BA9-4E47-B841-8D04CCCE4151}.Release|x86.ActiveCfg = Release|iPhone
	EndGlobalSection
	GlobalSection(SolutionProperties) = preSolution
		HideSolutionNode = FALSE
	EndGlobalSection
EndGlobal
